
Microsoft Visual Studio Solution File, Format Version 12.00
# Visual Studio Version 17
VisualStudioVersion = 17.7.33927.210
MinimumVisualStudioVersion = 10.0.40219.1
Project("{9A19103F-16F7-4668-BE54-9A1E7A4F7556}") = "BulkyWeb", "BulkyWeb\BulkyWeb.csproj", "{727B2284-7C47-4CDA-80B3-65DC1E8B3DF8}"
EndProject
Project("{FAE04EC0-301F-11D3-BF4B-00C04F79EFBC}") = "BulkyWebRazor-Temp", "BulkyWebRazor-Temp\BulkyWebRazor-Temp.csproj", "{0ACF363A-467E-4D42-9CBA-8A24ACA72E69}"
EndProject
Global
	GlobalSection(SolutionConfigurationPlatforms) = preSolution
		Debug|Any CPU = Debug|Any CPU
		Release|Any CPU = Release|Any CPU
	EndGlobalSection
	GlobalSection(ProjectConfigurationPlatforms) = postSolution
		{727B2284-7C47-4CDA-80B3-65DC1E8B3DF8}.Debug|Any CPU.ActiveCfg = Debug|Any CPU
		{727B2284-7C47-4CDA-80B3-65DC1E8B3DF8}.Debug|Any CPU.Build.0 = Debug|Any CPU
		{727B2284-7C47-4CDA-80B3-65DC1E8B3DF8}.Release|Any CPU.ActiveCfg = Release|Any CPU
		{727B2284-7C47-4CDA-80B3-65DC1E8B3DF8}.Release|Any CPU.Build.0 = Release|Any CPU
		{0ACF363A-467E-4D42-9CBA-8A24ACA72E69}.Debug|Any CPU.ActiveCfg = Debug|Any CPU
		{0ACF363A-467E-4D42-9CBA-8A24ACA72E69}.Debug|Any CPU.Build.0 = Debug|Any CPU
		{0ACF363A-467E-4D42-9CBA-8A24ACA72E69}.Release|Any CPU.ActiveCfg = Release|Any CPU
		{0ACF363A-467E-4D42-9CBA-8A24ACA72E69}.Release|Any CPU.Build.0 = Release|Any CPU
	EndGlobalSection
	GlobalSection(SolutionProperties) = preSolution
		HideSolutionNode = FALSE
	EndGlobalSection
	GlobalSection(ExtensibilityGlobals) = postSolution
		SolutionGuid = {768ABA4D-754E-409D-8BA6-50950888A239}
	EndGlobalSection
EndGlobal
